// !$*UTF8*$!
{
	archiveVersion = 1;
	classes = {
	};
	objectVersion = 55;
	objects = {

/* Begin PBXBuildFile section */
		2FDEC0D426F107F835CB42B6 /* Pods_AppTest_AppTestUITests.framework in Frameworks */ = {isa = PBXBuildFile; fileRef = 73B907DF3A77874C096EC904 /* Pods_AppTest_AppTestUITests.framework */; };
		5EE13F33CA8434C68E34FD42 /* Pods_AppTestTests.framework in Frameworks */ = {isa = PBXBuildFile; fileRef = 7DD3166F62E492C5306FA9C6 /* Pods_AppTestTests.framework */; };
		6D0F063C27A5ECC400635467 /* AppDelegate.swift in Sources */ = {isa = PBXBuildFile; fileRef = 6D0F063B27A5ECC400635467 /* AppDelegate.swift */; };
		6D0F063E27A5ECC400635467 /* SceneDelegate.swift in Sources */ = {isa = PBXBuildFile; fileRef = 6D0F063D27A5ECC400635467 /* SceneDelegate.swift */; };
		6D0F064527A5ECC600635467 /* Assets.xcassets in Resources */ = {isa = PBXBuildFile; fileRef = 6D0F064427A5ECC600635467 /* Assets.xcassets */; };
		6D0F064827A5ECC600635467 /* LaunchScreen.storyboard in Resources */ = {isa = PBXBuildFile; fileRef = 6D0F064627A5ECC600635467 /* LaunchScreen.storyboard */; };
		6D0F065327A5ECC600635467 /* AppTestTests.swift in Sources */ = {isa = PBXBuildFile; fileRef = 6D0F065227A5ECC600635467 /* AppTestTests.swift */; };
		6D0F065D27A5ECC600635467 /* AppTestUITests.swift in Sources */ = {isa = PBXBuildFile; fileRef = 6D0F065C27A5ECC600635467 /* AppTestUITests.swift */; };
		6D0F065F27A5ECC600635467 /* AppTestUITestsLaunchTests.swift in Sources */ = {isa = PBXBuildFile; fileRef = 6D0F065E27A5ECC600635467 /* AppTestUITestsLaunchTests.swift */; };
		6D0F066E27A5FE6800635467 /* SettingsViewController.swift in Sources */ = {isa = PBXBuildFile; fileRef = 6D0F066C27A5FE6800635467 /* SettingsViewController.swift */; };
		6D0F067127A6109C00635467 /* GoogleService-Info.plist in Resources */ = {isa = PBXBuildFile; fileRef = 6D0F067027A6109C00635467 /* GoogleService-Info.plist */; };
		6D0F067327A610B300635467 /* Database.swift in Sources */ = {isa = PBXBuildFile; fileRef = 6D0F067227A610B300635467 /* Database.swift */; };
		6D0F067627A8230500635467 /* SettingsViewController.xib in Resources */ = {isa = PBXBuildFile; fileRef = 6D0F067827A8230500635467 /* SettingsViewController.xib */; };
		6D0F067D27A826FB00635467 /* Localizable.strings in Resources */ = {isa = PBXBuildFile; fileRef = 6D0F067F27A826FB00635467 /* Localizable.strings */; };
		6D0F068827A89BA900635467 /* String.swift in Sources */ = {isa = PBXBuildFile; fileRef = 6D0F068727A89BA900635467 /* String.swift */; };
		6D0F068A27A89BBE00635467 /* Bundle.swift in Sources */ = {isa = PBXBuildFile; fileRef = 6D0F068927A89BBE00635467 /* Bundle.swift */; };
		6D0F068D27A89BF100635467 /* StringConstants.swift in Sources */ = {isa = PBXBuildFile; fileRef = 6D0F068C27A89BF100635467 /* StringConstants.swift */; };
		6D0F069027A89C5000635467 /* Localizable.swift in Sources */ = {isa = PBXBuildFile; fileRef = 6D0F068F27A89C5000635467 /* Localizable.swift */; };
		6D0F069227A89D4600635467 /* UIView.swift in Sources */ = {isa = PBXBuildFile; fileRef = 6D0F069127A89D4600635467 /* UIView.swift */; };
		6D0F069427A89EA400635467 /* CALayer.swift in Sources */ = {isa = PBXBuildFile; fileRef = 6D0F069327A89EA400635467 /* CALayer.swift */; };
		6D0F069627A89ED500635467 /* Float.swift in Sources */ = {isa = PBXBuildFile; fileRef = 6D0F069527A89ED500635467 /* Float.swift */; };
		7D9ACAF8C92BE284B4D421CB /* Pods_AppTest.framework in Frameworks */ = {isa = PBXBuildFile; fileRef = 95ED271196161E65135D426B /* Pods_AppTest.framework */; };
/* End PBXBuildFile section */

/* Begin PBXContainerItemProxy section */
		6D0F064F27A5ECC600635467 /* PBXContainerItemProxy */ = {
			isa = PBXContainerItemProxy;
			containerPortal = 6D0F063027A5ECC400635467 /* Project object */;
			proxyType = 1;
			remoteGlobalIDString = 6D0F063727A5ECC400635467;
			remoteInfo = AppTest;
		};
		6D0F065927A5ECC600635467 /* PBXContainerItemProxy */ = {
			isa = PBXContainerItemProxy;
			containerPortal = 6D0F063027A5ECC400635467 /* Project object */;
			proxyType = 1;
			remoteGlobalIDString = 6D0F063727A5ECC400635467;
			remoteInfo = AppTest;
		};
/* End PBXContainerItemProxy section */

/* Begin PBXFileReference section */
		316799508692CB6E7DCD0432 /* Pods-AppTestTests.release.xcconfig */ = {isa = PBXFileReference; includeInIndex = 1; lastKnownFileType = text.xcconfig; name = "Pods-AppTestTests.release.xcconfig"; path = "Target Support Files/Pods-AppTestTests/Pods-AppTestTests.release.xcconfig"; sourceTree = "<group>"; };
		3413C8A5FC15015B97D1AFF7 /* Pods-AppTest.release.xcconfig */ = {isa = PBXFileReference; includeInIndex = 1; lastKnownFileType = text.xcconfig; name = "Pods-AppTest.release.xcconfig"; path = "Target Support Files/Pods-AppTest/Pods-AppTest.release.xcconfig"; sourceTree = "<group>"; };
		401C9E5774F222299703CE92 /* Pods-AppTest-AppTestUITests.release.xcconfig */ = {isa = PBXFileReference; includeInIndex = 1; lastKnownFileType = text.xcconfig; name = "Pods-AppTest-AppTestUITests.release.xcconfig"; path = "Target Support Files/Pods-AppTest-AppTestUITests/Pods-AppTest-AppTestUITests.release.xcconfig"; sourceTree = "<group>"; };
		514D60540A3212713831BF74 /* Pods-AppTest.debug.xcconfig */ = {isa = PBXFileReference; includeInIndex = 1; lastKnownFileType = text.xcconfig; name = "Pods-AppTest.debug.xcconfig"; path = "Target Support Files/Pods-AppTest/Pods-AppTest.debug.xcconfig"; sourceTree = "<group>"; };
		6D0F063827A5ECC400635467 /* AppTest.app */ = {isa = PBXFileReference; explicitFileType = wrapper.application; includeInIndex = 0; path = AppTest.app; sourceTree = BUILT_PRODUCTS_DIR; };
		6D0F063B27A5ECC400635467 /* AppDelegate.swift */ = {isa = PBXFileReference; lastKnownFileType = sourcecode.swift; path = AppDelegate.swift; sourceTree = "<group>"; };
		6D0F063D27A5ECC400635467 /* SceneDelegate.swift */ = {isa = PBXFileReference; lastKnownFileType = sourcecode.swift; path = SceneDelegate.swift; sourceTree = "<group>"; };
		6D0F064427A5ECC600635467 /* Assets.xcassets */ = {isa = PBXFileReference; lastKnownFileType = folder.assetcatalog; path = Assets.xcassets; sourceTree = "<group>"; };
		6D0F064727A5ECC600635467 /* Base */ = {isa = PBXFileReference; lastKnownFileType = file.storyboard; name = Base; path = Base.lproj/LaunchScreen.storyboard; sourceTree = "<group>"; };
		6D0F064927A5ECC600635467 /* Info.plist */ = {isa = PBXFileReference; lastKnownFileType = text.plist.xml; path = Info.plist; sourceTree = "<group>"; };
		6D0F064E27A5ECC600635467 /* AppTestTests.xctest */ = {isa = PBXFileReference; explicitFileType = wrapper.cfbundle; includeInIndex = 0; path = AppTestTests.xctest; sourceTree = BUILT_PRODUCTS_DIR; };
		6D0F065227A5ECC600635467 /* AppTestTests.swift */ = {isa = PBXFileReference; lastKnownFileType = sourcecode.swift; path = AppTestTests.swift; sourceTree = "<group>"; };
		6D0F065827A5ECC600635467 /* AppTestUITests.xctest */ = {isa = PBXFileReference; explicitFileType = wrapper.cfbundle; includeInIndex = 0; path = AppTestUITests.xctest; sourceTree = BUILT_PRODUCTS_DIR; };
		6D0F065C27A5ECC600635467 /* AppTestUITests.swift */ = {isa = PBXFileReference; lastKnownFileType = sourcecode.swift; path = AppTestUITests.swift; sourceTree = "<group>"; };
		6D0F065E27A5ECC600635467 /* AppTestUITestsLaunchTests.swift */ = {isa = PBXFileReference; lastKnownFileType = sourcecode.swift; path = AppTestUITestsLaunchTests.swift; sourceTree = "<group>"; };
		6D0F066C27A5FE6800635467 /* SettingsViewController.swift */ = {isa = PBXFileReference; lastKnownFileType = sourcecode.swift; path = SettingsViewController.swift; sourceTree = "<group>"; };
		6D0F067027A6109C00635467 /* GoogleService-Info.plist */ = {isa = PBXFileReference; fileEncoding = 4; lastKnownFileType = text.plist.xml; path = "GoogleService-Info.plist"; sourceTree = "<group>"; };
		6D0F067227A610B300635467 /* Database.swift */ = {isa = PBXFileReference; lastKnownFileType = sourcecode.swift; path = Database.swift; sourceTree = "<group>"; };
		6D0F067727A8230500635467 /* Base */ = {isa = PBXFileReference; lastKnownFileType = file.xib; name = Base; path = Base.lproj/SettingsViewController.xib; sourceTree = "<group>"; };
		6D0F067E27A826FB00635467 /* en */ = {isa = PBXFileReference; lastKnownFileType = text.plist.strings; name = en; path = en.lproj/Localizable.strings; sourceTree = "<group>"; };
		6D0F068527A8779800635467 /* de */ = {isa = PBXFileReference; lastKnownFileType = text.plist.strings; name = de; path = de.lproj/Localizable.strings; sourceTree = "<group>"; };
		6D0F068727A89BA900635467 /* String.swift */ = {isa = PBXFileReference; lastKnownFileType = sourcecode.swift; path = String.swift; sourceTree = "<group>"; };
		6D0F068927A89BBE00635467 /* Bundle.swift */ = {isa = PBXFileReference; lastKnownFileType = sourcecode.swift; path = Bundle.swift; sourceTree = "<group>"; };
		6D0F068C27A89BF100635467 /* StringConstants.swift */ = {isa = PBXFileReference; lastKnownFileType = sourcecode.swift; path = StringConstants.swift; sourceTree = "<group>"; };
		6D0F068F27A89C5000635467 /* Localizable.swift */ = {isa = PBXFileReference; lastKnownFileType = sourcecode.swift; path = Localizable.swift; sourceTree = "<group>"; };
		6D0F069127A89D4600635467 /* UIView.swift */ = {isa = PBXFileReference; lastKnownFileType = sourcecode.swift; path = UIView.swift; sourceTree = "<group>"; };
		6D0F069327A89EA400635467 /* CALayer.swift */ = {isa = PBXFileReference; lastKnownFileType = sourcecode.swift; path = CALayer.swift; sourceTree = "<group>"; };
		6D0F069527A89ED500635467 /* Float.swift */ = {isa = PBXFileReference; lastKnownFileType = sourcecode.swift; path = Float.swift; sourceTree = "<group>"; };
		73B907DF3A77874C096EC904 /* Pods_AppTest_AppTestUITests.framework */ = {isa = PBXFileReference; explicitFileType = wrapper.framework; includeInIndex = 0; path = Pods_AppTest_AppTestUITests.framework; sourceTree = BUILT_PRODUCTS_DIR; };
		7DD3166F62E492C5306FA9C6 /* Pods_AppTestTests.framework */ = {isa = PBXFileReference; explicitFileType = wrapper.framework; includeInIndex = 0; path = Pods_AppTestTests.framework; sourceTree = BUILT_PRODUCTS_DIR; };
		8B9024691707066E6074D547 /* Pods-AppTest-AppTestUITests.debug.xcconfig */ = {isa = PBXFileReference; includeInIndex = 1; lastKnownFileType = text.xcconfig; name = "Pods-AppTest-AppTestUITests.debug.xcconfig"; path = "Target Support Files/Pods-AppTest-AppTestUITests/Pods-AppTest-AppTestUITests.debug.xcconfig"; sourceTree = "<group>"; };
		95ED271196161E65135D426B /* Pods_AppTest.framework */ = {isa = PBXFileReference; explicitFileType = wrapper.framework; includeInIndex = 0; path = Pods_AppTest.framework; sourceTree = BUILT_PRODUCTS_DIR; };
		E6EC68C6D2CAD44A9C6E6421 /* Pods-AppTestTests.debug.xcconfig */ = {isa = PBXFileReference; includeInIndex = 1; lastKnownFileType = text.xcconfig; name = "Pods-AppTestTests.debug.xcconfig"; path = "Target Support Files/Pods-AppTestTests/Pods-AppTestTests.debug.xcconfig"; sourceTree = "<group>"; };
/* End PBXFileReference section */

/* Begin PBXFrameworksBuildPhase section */
		6D0F063527A5ECC400635467 /* Frameworks */ = {
			isa = PBXFrameworksBuildPhase;
			buildActionMask = 2147483647;
			files = (
				7D9ACAF8C92BE284B4D421CB /* Pods_AppTest.framework in Frameworks */,
			);
			runOnlyForDeploymentPostprocessing = 0;
		};
		6D0F064B27A5ECC600635467 /* Frameworks */ = {
			isa = PBXFrameworksBuildPhase;
			buildActionMask = 2147483647;
			files = (
				5EE13F33CA8434C68E34FD42 /* Pods_AppTestTests.framework in Frameworks */,
			);
			runOnlyForDeploymentPostprocessing = 0;
		};
		6D0F065527A5ECC600635467 /* Frameworks */ = {
			isa = PBXFrameworksBuildPhase;
			buildActionMask = 2147483647;
			files = (
				2FDEC0D426F107F835CB42B6 /* Pods_AppTest_AppTestUITests.framework in Frameworks */,
			);
			runOnlyForDeploymentPostprocessing = 0;
		};
/* End PBXFrameworksBuildPhase section */

/* Begin PBXGroup section */
		6D0F062F27A5ECC400635467 = {
			isa = PBXGroup;
			children = (
				6D0F067027A6109C00635467 /* GoogleService-Info.plist */,
				6D0F063A27A5ECC400635467 /* AppTest */,
				6D0F065127A5ECC600635467 /* AppTestTests */,
				6D0F065B27A5ECC600635467 /* AppTestUITests */,
				6D0F063927A5ECC400635467 /* Products */,
				CF2ABB39C2CAA451DB18B7A9 /* Pods */,
				CB6663E70C81768CB312BBD2 /* Frameworks */,
			);
			sourceTree = "<group>";
		};
		6D0F063927A5ECC400635467 /* Products */ = {
			isa = PBXGroup;
			children = (
				6D0F063827A5ECC400635467 /* AppTest.app */,
				6D0F064E27A5ECC600635467 /* AppTestTests.xctest */,
				6D0F065827A5ECC600635467 /* AppTestUITests.xctest */,
			);
			name = Products;
			sourceTree = "<group>";
		};
		6D0F063A27A5ECC400635467 /* AppTest */ = {
			isa = PBXGroup;
			children = (
				6D0F068E27A89C4000635467 /* Storage */,
				6D0F068B27A89BD900635467 /* Constants */,
				6D0F068627A89B9800635467 /* Extensions */,
				6D0F063B27A5ECC400635467 /* AppDelegate.swift */,
				6D0F063D27A5ECC400635467 /* SceneDelegate.swift */,
				6D0F064427A5ECC600635467 /* Assets.xcassets */,
				6D0F064627A5ECC600635467 /* LaunchScreen.storyboard */,
				6D0F064927A5ECC600635467 /* Info.plist */,
				6D0F066C27A5FE6800635467 /* SettingsViewController.swift */,
				6D0F067827A8230500635467 /* SettingsViewController.xib */,
				6D0F067227A610B300635467 /* Database.swift */,
				6D0F067F27A826FB00635467 /* Localizable.strings */,
			);
			path = AppTest;
			sourceTree = "<group>";
		};
		6D0F065127A5ECC600635467 /* AppTestTests */ = {
			isa = PBXGroup;
			children = (
				6D0F065227A5ECC600635467 /* AppTestTests.swift */,
			);
			path = AppTestTests;
			sourceTree = "<group>";
		};
		6D0F065B27A5ECC600635467 /* AppTestUITests */ = {
			isa = PBXGroup;
			children = (
				6D0F065C27A5ECC600635467 /* AppTestUITests.swift */,
				6D0F065E27A5ECC600635467 /* AppTestUITestsLaunchTests.swift */,
			);
			path = AppTestUITests;
			sourceTree = "<group>";
		};
		6D0F068627A89B9800635467 /* Extensions */ = {
			isa = PBXGroup;
			children = (
				6D0F068727A89BA900635467 /* String.swift */,
				6D0F068927A89BBE00635467 /* Bundle.swift */,
				6D0F069127A89D4600635467 /* UIView.swift */,
				6D0F069327A89EA400635467 /* CALayer.swift */,
				6D0F069527A89ED500635467 /* Float.swift */,
			);
			path = Extensions;
			sourceTree = "<group>";
		};
		6D0F068B27A89BD900635467 /* Constants */ = {
			isa = PBXGroup;
			children = (
				6D0F068C27A89BF100635467 /* StringConstants.swift */,
			);
			path = Constants;
			sourceTree = "<group>";
		};
		6D0F068E27A89C4000635467 /* Storage */ = {
			isa = PBXGroup;
			children = (
				6D0F068F27A89C5000635467 /* Localizable.swift */,
			);
			path = Storage;
			sourceTree = "<group>";
		};
		CB6663E70C81768CB312BBD2 /* Frameworks */ = {
			isa = PBXGroup;
			children = (
				95ED271196161E65135D426B /* Pods_AppTest.framework */,
				73B907DF3A77874C096EC904 /* Pods_AppTest_AppTestUITests.framework */,
				7DD3166F62E492C5306FA9C6 /* Pods_AppTestTests.framework */,
			);
			name = Frameworks;
			sourceTree = "<group>";
		};
		CF2ABB39C2CAA451DB18B7A9 /* Pods */ = {
			isa = PBXGroup;
			children = (
				514D60540A3212713831BF74 /* Pods-AppTest.debug.xcconfig */,
				3413C8A5FC15015B97D1AFF7 /* Pods-AppTest.release.xcconfig */,
				8B9024691707066E6074D547 /* Pods-AppTest-AppTestUITests.debug.xcconfig */,
				401C9E5774F222299703CE92 /* Pods-AppTest-AppTestUITests.release.xcconfig */,
				E6EC68C6D2CAD44A9C6E6421 /* Pods-AppTestTests.debug.xcconfig */,
				316799508692CB6E7DCD0432 /* Pods-AppTestTests.release.xcconfig */,
			);
			path = Pods;
			sourceTree = "<group>";
		};
/* End PBXGroup section */

/* Begin PBXNativeTarget section */
		6D0F063727A5ECC400635467 /* AppTest */ = {
			isa = PBXNativeTarget;
			buildConfigurationList = 6D0F066227A5ECC600635467 /* Build configuration list for PBXNativeTarget "AppTest" */;
			buildPhases = (
				13A3358D25C7853DF58EC0E4 /* [CP] Check Pods Manifest.lock */,
				6D0F063427A5ECC400635467 /* Sources */,
				6D0F063527A5ECC400635467 /* Frameworks */,
				6D0F063627A5ECC400635467 /* Resources */,
				D338CC90B1C550C583248C0F /* [CP] Embed Pods Frameworks */,
			);
			buildRules = (
			);
			dependencies = (
			);
			name = AppTest;
			productName = AppTest;
			productReference = 6D0F063827A5ECC400635467 /* AppTest.app */;
			productType = "com.apple.product-type.application";
		};
		6D0F064D27A5ECC600635467 /* AppTestTests */ = {
			isa = PBXNativeTarget;
			buildConfigurationList = 6D0F066527A5ECC600635467 /* Build configuration list for PBXNativeTarget "AppTestTests" */;
			buildPhases = (
				884ED38BE4FB3F10FA60E2ED /* [CP] Check Pods Manifest.lock */,
				6D0F064A27A5ECC600635467 /* Sources */,
				6D0F064B27A5ECC600635467 /* Frameworks */,
				6D0F064C27A5ECC600635467 /* Resources */,
			);
			buildRules = (
			);
			dependencies = (
				6D0F065027A5ECC600635467 /* PBXTargetDependency */,
			);
			name = AppTestTests;
			productName = AppTestTests;
			productReference = 6D0F064E27A5ECC600635467 /* AppTestTests.xctest */;
			productType = "com.apple.product-type.bundle.unit-test";
		};
		6D0F065727A5ECC600635467 /* AppTestUITests */ = {
			isa = PBXNativeTarget;
			buildConfigurationList = 6D0F066827A5ECC600635467 /* Build configuration list for PBXNativeTarget "AppTestUITests" */;
			buildPhases = (
				AF9F1064406FC7807F412238 /* [CP] Check Pods Manifest.lock */,
				6D0F065427A5ECC600635467 /* Sources */,
				6D0F065527A5ECC600635467 /* Frameworks */,
				6D0F065627A5ECC600635467 /* Resources */,
				DFDDDE5D201F0D74EB0DCA88 /* [CP] Embed Pods Frameworks */,
			);
			buildRules = (
			);
			dependencies = (
				6D0F065A27A5ECC600635467 /* PBXTargetDependency */,
			);
			name = AppTestUITests;
			productName = AppTestUITests;
			productReference = 6D0F065827A5ECC600635467 /* AppTestUITests.xctest */;
			productType = "com.apple.product-type.bundle.ui-testing";
		};
/* End PBXNativeTarget section */

/* Begin PBXProject section */
		6D0F063027A5ECC400635467 /* Project object */ = {
			isa = PBXProject;
			attributes = {
				BuildIndependentTargetsInParallel = 1;
				LastSwiftUpdateCheck = 1310;
				LastUpgradeCheck = 1310;
				TargetAttributes = {
					6D0F063727A5ECC400635467 = {
						CreatedOnToolsVersion = 13.1;
					};
					6D0F064D27A5ECC600635467 = {
						CreatedOnToolsVersion = 13.1;
						TestTargetID = 6D0F063727A5ECC400635467;
					};
					6D0F065727A5ECC600635467 = {
						CreatedOnToolsVersion = 13.1;
						TestTargetID = 6D0F063727A5ECC400635467;
					};
				};
			};
			buildConfigurationList = 6D0F063327A5ECC400635467 /* Build configuration list for PBXProject "AppTest" */;
			compatibilityVersion = "Xcode 13.0";
			developmentRegion = en;
			hasScannedForEncodings = 0;
			knownRegions = (
				en,
				Base,
				de,
			);
			mainGroup = 6D0F062F27A5ECC400635467;
			productRefGroup = 6D0F063927A5ECC400635467 /* Products */;
			projectDirPath = "";
			projectRoot = "";
			targets = (
				6D0F063727A5ECC400635467 /* AppTest */,
				6D0F064D27A5ECC600635467 /* AppTestTests */,
				6D0F065727A5ECC600635467 /* AppTestUITests */,
			);
		};
/* End PBXProject section */

/* Begin PBXResourcesBuildPhase section */
		6D0F063627A5ECC400635467 /* Resources */ = {
			isa = PBXResourcesBuildPhase;
			buildActionMask = 2147483647;
			files = (
				6D0F067D27A826FB00635467 /* Localizable.strings in Resources */,
				6D0F064827A5ECC600635467 /* LaunchScreen.storyboard in Resources */,
				6D0F067127A6109C00635467 /* GoogleService-Info.plist in Resources */,
				6D0F067627A8230500635467 /* SettingsViewController.xib in Resources */,
				6D0F064527A5ECC600635467 /* Assets.xcassets in Resources */,
			);
			runOnlyForDeploymentPostprocessing = 0;
		};
		6D0F064C27A5ECC600635467 /* Resources */ = {
			isa = PBXResourcesBuildPhase;
			buildActionMask = 2147483647;
			files = (
			);
			runOnlyForDeploymentPostprocessing = 0;
		};
		6D0F065627A5ECC600635467 /* Resources */ = {
			isa = PBXResourcesBuildPhase;
			buildActionMask = 2147483647;
			files = (
			);
			runOnlyForDeploymentPostprocessing = 0;
		};
/* End PBXResourcesBuildPhase section */

/* Begin PBXShellScriptBuildPhase section */
		13A3358D25C7853DF58EC0E4 /* [CP] Check Pods Manifest.lock */ = {
			isa = PBXShellScriptBuildPhase;
			buildActionMask = 2147483647;
			files = (
			);
			inputFileListPaths = (
			);
			inputPaths = (
				"${PODS_PODFILE_DIR_PATH}/Podfile.lock",
				"${PODS_ROOT}/Manifest.lock",
			);
			name = "[CP] Check Pods Manifest.lock";
			outputFileListPaths = (
			);
			outputPaths = (
				"$(DERIVED_FILE_DIR)/Pods-AppTest-checkManifestLockResult.txt",
			);
			runOnlyForDeploymentPostprocessing = 0;
			shellPath = /bin/sh;
			shellScript = "diff \"${PODS_PODFILE_DIR_PATH}/Podfile.lock\" \"${PODS_ROOT}/Manifest.lock\" > /dev/null\nif [ $? != 0 ] ; then\n    # print error to STDERR\n    echo \"error: The sandbox is not in sync with the Podfile.lock. Run 'pod install' or update your CocoaPods installation.\" >&2\n    exit 1\nfi\n# This output is used by Xcode 'outputs' to avoid re-running this script phase.\necho \"SUCCESS\" > \"${SCRIPT_OUTPUT_FILE_0}\"\n";
			showEnvVarsInLog = 0;
		};
		884ED38BE4FB3F10FA60E2ED /* [CP] Check Pods Manifest.lock */ = {
			isa = PBXShellScriptBuildPhase;
			buildActionMask = 2147483647;
			files = (
			);
			inputFileListPaths = (
			);
			inputPaths = (
				"${PODS_PODFILE_DIR_PATH}/Podfile.lock",
				"${PODS_ROOT}/Manifest.lock",
			);
			name = "[CP] Check Pods Manifest.lock";
			outputFileListPaths = (
			);
			outputPaths = (
				"$(DERIVED_FILE_DIR)/Pods-AppTestTests-checkManifestLockResult.txt",
			);
			runOnlyForDeploymentPostprocessing = 0;
			shellPath = /bin/sh;
			shellScript = "diff \"${PODS_PODFILE_DIR_PATH}/Podfile.lock\" \"${PODS_ROOT}/Manifest.lock\" > /dev/null\nif [ $? != 0 ] ; then\n    # print error to STDERR\n    echo \"error: The sandbox is not in sync with the Podfile.lock. Run 'pod install' or update your CocoaPods installation.\" >&2\n    exit 1\nfi\n# This output is used by Xcode 'outputs' to avoid re-running this script phase.\necho \"SUCCESS\" > \"${SCRIPT_OUTPUT_FILE_0}\"\n";
			showEnvVarsInLog = 0;
		};
		AF9F1064406FC7807F412238 /* [CP] Check Pods Manifest.lock */ = {
			isa = PBXShellScriptBuildPhase;
			buildActionMask = 2147483647;
			files = (
			);
			inputFileListPaths = (
			);
			inputPaths = (
				"${PODS_PODFILE_DIR_PATH}/Podfile.lock",
				"${PODS_ROOT}/Manifest.lock",
			);
			name = "[CP] Check Pods Manifest.lock";
			outputFileListPaths = (
			);
			outputPaths = (
				"$(DERIVED_FILE_DIR)/Pods-AppTest-AppTestUITests-checkManifestLockResult.txt",
			);
			runOnlyForDeploymentPostprocessing = 0;
			shellPath = /bin/sh;
			shellScript = "diff \"${PODS_PODFILE_DIR_PATH}/Podfile.lock\" \"${PODS_ROOT}/Manifest.lock\" > /dev/null\nif [ $? != 0 ] ; then\n    # print error to STDERR\n    echo \"error: The sandbox is not in sync with the Podfile.lock. Run 'pod install' or update your CocoaPods installation.\" >&2\n    exit 1\nfi\n# This output is used by Xcode 'outputs' to avoid re-running this script phase.\necho \"SUCCESS\" > \"${SCRIPT_OUTPUT_FILE_0}\"\n";
			showEnvVarsInLog = 0;
		};
		D338CC90B1C550C583248C0F /* [CP] Embed Pods Frameworks */ = {
			isa = PBXShellScriptBuildPhase;
			buildActionMask = 2147483647;
			files = (
			);
			inputFileListPaths = (
				"${PODS_ROOT}/Target Support Files/Pods-AppTest/Pods-AppTest-frameworks-${CONFIGURATION}-input-files.xcfilelist",
			);
			name = "[CP] Embed Pods Frameworks";
			outputFileListPaths = (
				"${PODS_ROOT}/Target Support Files/Pods-AppTest/Pods-AppTest-frameworks-${CONFIGURATION}-output-files.xcfilelist",
			);
			runOnlyForDeploymentPostprocessing = 0;
			shellPath = /bin/sh;
			shellScript = "\"${PODS_ROOT}/Target Support Files/Pods-AppTest/Pods-AppTest-frameworks.sh\"\n";
			showEnvVarsInLog = 0;
		};
		DFDDDE5D201F0D74EB0DCA88 /* [CP] Embed Pods Frameworks */ = {
			isa = PBXShellScriptBuildPhase;
			buildActionMask = 2147483647;
			files = (
			);
			inputFileListPaths = (
				"${PODS_ROOT}/Target Support Files/Pods-AppTest-AppTestUITests/Pods-AppTest-AppTestUITests-frameworks-${CONFIGURATION}-input-files.xcfilelist",
			);
			name = "[CP] Embed Pods Frameworks";
			outputFileListPaths = (
				"${PODS_ROOT}/Target Support Files/Pods-AppTest-AppTestUITests/Pods-AppTest-AppTestUITests-frameworks-${CONFIGURATION}-output-files.xcfilelist",
			);
			runOnlyForDeploymentPostprocessing = 0;
			shellPath = /bin/sh;
			shellScript = "\"${PODS_ROOT}/Target Support Files/Pods-AppTest-AppTestUITests/Pods-AppTest-AppTestUITests-frameworks.sh\"\n";
			showEnvVarsInLog = 0;
		};
/* End PBXShellScriptBuildPhase section */

/* Begin PBXSourcesBuildPhase section */
		6D0F063427A5ECC400635467 /* Sources */ = {
			isa = PBXSourcesBuildPhase;
			buildActionMask = 2147483647;
			files = (
				6D0F069627A89ED500635467 /* Float.swift in Sources */,
				6D0F063C27A5ECC400635467 /* AppDelegate.swift in Sources */,
				6D0F068A27A89BBE00635467 /* Bundle.swift in Sources */,
				6D0F063E27A5ECC400635467 /* SceneDelegate.swift in Sources */,
				6D0F068D27A89BF100635467 /* StringConstants.swift in Sources */,
				6D0F068827A89BA900635467 /* String.swift in Sources */,
				6D0F067327A610B300635467 /* Database.swift in Sources */,
				6D0F069027A89C5000635467 /* Localizable.swift in Sources */,
				6D0F069227A89D4600635467 /* UIView.swift in Sources */,
				6D0F066E27A5FE6800635467 /* SettingsViewController.swift in Sources */,
				6D0F069427A89EA400635467 /* CALayer.swift in Sources */,
			);
			runOnlyForDeploymentPostprocessing = 0;
		};
		6D0F064A27A5ECC600635467 /* Sources */ = {
			isa = PBXSourcesBuildPhase;
			buildActionMask = 2147483647;
			files = (
				6D0F065327A5ECC600635467 /* AppTestTests.swift in Sources */,
			);
			runOnlyForDeploymentPostprocessing = 0;
		};
		6D0F065427A5ECC600635467 /* Sources */ = {
			isa = PBXSourcesBuildPhase;
			buildActionMask = 2147483647;
			files = (
				6D0F065F27A5ECC600635467 /* AppTestUITestsLaunchTests.swift in Sources */,
				6D0F065D27A5ECC600635467 /* AppTestUITests.swift in Sources */,
			);
			runOnlyForDeploymentPostprocessing = 0;
		};
/* End PBXSourcesBuildPhase section */

/* Begin PBXTargetDependency section */
		6D0F065027A5ECC600635467 /* PBXTargetDependency */ = {
			isa = PBXTargetDependency;
			target = 6D0F063727A5ECC400635467 /* AppTest */;
			targetProxy = 6D0F064F27A5ECC600635467 /* PBXContainerItemProxy */;
		};
		6D0F065A27A5ECC600635467 /* PBXTargetDependency */ = {
			isa = PBXTargetDependency;
			target = 6D0F063727A5ECC400635467 /* AppTest */;
			targetProxy = 6D0F065927A5ECC600635467 /* PBXContainerItemProxy */;
		};
/* End PBXTargetDependency section */

/* Begin PBXVariantGroup section */
		6D0F064627A5ECC600635467 /* LaunchScreen.storyboard */ = {
			isa = PBXVariantGroup;
			children = (
				6D0F064727A5ECC600635467 /* Base */,
			);
			name = LaunchScreen.storyboard;
			sourceTree = "<group>";
		};
		6D0F067827A8230500635467 /* SettingsViewController.xib */ = {
			isa = PBXVariantGroup;
			children = (
				6D0F067727A8230500635467 /* Base */,
			);
			name = SettingsViewController.xib;
			sourceTree = "<group>";
		};
		6D0F067F27A826FB00635467 /* Localizable.strings */ = {
			isa = PBXVariantGroup;
			children = (
				6D0F067E27A826FB00635467 /* en */,
				6D0F068527A8779800635467 /* de */,
			);
			name = Localizable.strings;
			sourceTree = "<group>";
		};
/* End PBXVariantGroup section */

/* Begin XCBuildConfiguration section */
		6D0F066027A5ECC600635467 /* Debug */ = {
			isa = XCBuildConfiguration;
			buildSettings = {
				ALWAYS_SEARCH_USER_PATHS = NO;
				CLANG_ANALYZER_LOCALIZABILITY_NONLOCALIZED = YES;
				CLANG_ANALYZER_NONNULL = YES;
				CLANG_ANALYZER_NUMBER_OBJECT_CONVERSION = YES_AGGRESSIVE;
				CLANG_CXX_LANGUAGE_STANDARD = "gnu++17";
				CLANG_CXX_LIBRARY = "libc++";
				CLANG_ENABLE_MODULES = YES;
				CLANG_ENABLE_OBJC_ARC = YES;
				CLANG_ENABLE_OBJC_WEAK = YES;
				CLANG_WARN_BLOCK_CAPTURE_AUTORELEASING = YES;
				CLANG_WARN_BOOL_CONVERSION = YES;
				CLANG_WARN_COMMA = YES;
				CLANG_WARN_CONSTANT_CONVERSION = YES;
				CLANG_WARN_DEPRECATED_OBJC_IMPLEMENTATIONS = YES;
				CLANG_WARN_DIRECT_OBJC_ISA_USAGE = YES_ERROR;
				CLANG_WARN_DOCUMENTATION_COMMENTS = YES;
				CLANG_WARN_EMPTY_BODY = YES;
				CLANG_WARN_ENUM_CONVERSION = YES;
				CLANG_WARN_INFINITE_RECURSION = YES;
				CLANG_WARN_INT_CONVERSION = YES;
				CLANG_WARN_NON_LITERAL_NULL_CONVERSION = YES;
				CLANG_WARN_OBJC_IMPLICIT_RETAIN_SELF = YES;
				CLANG_WARN_OBJC_LITERAL_CONVERSION = YES;
				CLANG_WARN_OBJC_ROOT_CLASS = YES_ERROR;
				CLANG_WARN_QUOTED_INCLUDE_IN_FRAMEWORK_HEADER = YES;
				CLANG_WARN_RANGE_LOOP_ANALYSIS = YES;
				CLANG_WARN_STRICT_PROTOTYPES = YES;
				CLANG_WARN_SUSPICIOUS_MOVE = YES;
				CLANG_WARN_UNGUARDED_AVAILABILITY = YES_AGGRESSIVE;
				CLANG_WARN_UNREACHABLE_CODE = YES;
				CLANG_WARN__DUPLICATE_METHOD_MATCH = YES;
				COPY_PHASE_STRIP = NO;
				DEBUG_INFORMATION_FORMAT = dwarf;
				ENABLE_STRICT_OBJC_MSGSEND = YES;
				ENABLE_TESTABILITY = YES;
				GCC_C_LANGUAGE_STANDARD = gnu11;
				GCC_DYNAMIC_NO_PIC = NO;
				GCC_NO_COMMON_BLOCKS = YES;
				GCC_OPTIMIZATION_LEVEL = 0;
				GCC_PREPROCESSOR_DEFINITIONS = (
					"DEBUG=1",
					"$(inherited)",
				);
				GCC_WARN_64_TO_32_BIT_CONVERSION = YES;
				GCC_WARN_ABOUT_RETURN_TYPE = YES_ERROR;
				GCC_WARN_UNDECLARED_SELECTOR = YES;
				GCC_WARN_UNINITIALIZED_AUTOS = YES_AGGRESSIVE;
				GCC_WARN_UNUSED_FUNCTION = YES;
				GCC_WARN_UNUSED_VARIABLE = YES;
				IPHONEOS_DEPLOYMENT_TARGET = 15.0;
				MTL_ENABLE_DEBUG_INFO = INCLUDE_SOURCE;
				MTL_FAST_MATH = YES;
				ONLY_ACTIVE_ARCH = YES;
				SDKROOT = iphoneos;
				SWIFT_ACTIVE_COMPILATION_CONDITIONS = DEBUG;
				SWIFT_OPTIMIZATION_LEVEL = "-Onone";
			};
			name = Debug;
		};
		6D0F066127A5ECC600635467 /* Release */ = {
			isa = XCBuildConfiguration;
			buildSettings = {
				ALWAYS_SEARCH_USER_PATHS = NO;
				CLANG_ANALYZER_LOCALIZABILITY_NONLOCALIZED = YES;
				CLANG_ANALYZER_NONNULL = YES;
				CLANG_ANALYZER_NUMBER_OBJECT_CONVERSION = YES_AGGRESSIVE;
				CLANG_CXX_LANGUAGE_STANDARD = "gnu++17";
				CLANG_CXX_LIBRARY = "libc++";
				CLANG_ENABLE_MODULES = YES;
				CLANG_ENABLE_OBJC_ARC = YES;
				CLANG_ENABLE_OBJC_WEAK = YES;
				CLANG_WARN_BLOCK_CAPTURE_AUTORELEASING = YES;
				CLANG_WARN_BOOL_CONVERSION = YES;
				CLANG_WARN_COMMA = YES;
				CLANG_WARN_CONSTANT_CONVERSION = YES;
				CLANG_WARN_DEPRECATED_OBJC_IMPLEMENTATIONS = YES;
				CLANG_WARN_DIRECT_OBJC_ISA_USAGE = YES_ERROR;
				CLANG_WARN_DOCUMENTATION_COMMENTS = YES;
				CLANG_WARN_EMPTY_BODY = YES;
				CLANG_WARN_ENUM_CONVERSION = YES;
				CLANG_WARN_INFINITE_RECURSION = YES;
				CLANG_WARN_INT_CONVERSION = YES;
				CLANG_WARN_NON_LITERAL_NULL_CONVERSION = YES;
				CLANG_WARN_OBJC_IMPLICIT_RETAIN_SELF = YES;
				CLANG_WARN_OBJC_LITERAL_CONVERSION = YES;
				CLANG_WARN_OBJC_ROOT_CLASS = YES_ERROR;
				CLANG_WARN_QUOTED_INCLUDE_IN_FRAMEWORK_HEADER = YES;
				CLANG_WARN_RANGE_LOOP_ANALYSIS = YES;
				CLANG_WARN_STRICT_PROTOTYPES = YES;
				CLANG_WARN_SUSPICIOUS_MOVE = YES;
				CLANG_WARN_UNGUARDED_AVAILABILITY = YES_AGGRESSIVE;
				CLANG_WARN_UNREACHABLE_CODE = YES;
				CLANG_WARN__DUPLICATE_METHOD_MATCH = YES;
				COPY_PHASE_STRIP = NO;
				DEBUG_INFORMATION_FORMAT = "dwarf-with-dsym";
				ENABLE_NS_ASSERTIONS = NO;
				ENABLE_STRICT_OBJC_MSGSEND = YES;
				GCC_C_LANGUAGE_STANDARD = gnu11;
				GCC_NO_COMMON_BLOCKS = YES;
				GCC_WARN_64_TO_32_BIT_CONVERSION = YES;
				GCC_WARN_ABOUT_RETURN_TYPE = YES_ERROR;
				GCC_WARN_UNDECLARED_SELECTOR = YES;
				GCC_WARN_UNINITIALIZED_AUTOS = YES_AGGRESSIVE;
				GCC_WARN_UNUSED_FUNCTION = YES;
				GCC_WARN_UNUSED_VARIABLE = YES;
				IPHONEOS_DEPLOYMENT_TARGET = 15.0;
				MTL_ENABLE_DEBUG_INFO = NO;
				MTL_FAST_MATH = YES;
				SDKROOT = iphoneos;
				SWIFT_COMPILATION_MODE = wholemodule;
				SWIFT_OPTIMIZATION_LEVEL = "-O";
				VALIDATE_PRODUCT = YES;
			};
			name = Release;
		};
		6D0F066327A5ECC600635467 /* Debug */ = {
			isa = XCBuildConfiguration;
			baseConfigurationReference = 514D60540A3212713831BF74 /* Pods-AppTest.debug.xcconfig */;
			buildSettings = {
				ASSETCATALOG_COMPILER_APPICON_NAME = AppIcon;
				ASSETCATALOG_COMPILER_GLOBAL_ACCENT_COLOR_NAME = AccentColor;
				CODE_SIGN_STYLE = Automatic;
				CURRENT_PROJECT_VERSION = 1;
				GENERATE_INFOPLIST_FILE = YES;
				INFOPLIST_FILE = AppTest/Info.plist;
				INFOPLIST_KEY_UIApplicationSupportsIndirectInputEvents = YES;
				INFOPLIST_KEY_UILaunchStoryboardName = LaunchScreen;
				INFOPLIST_KEY_UISupportedInterfaceOrientations_iPad = "UIInterfaceOrientationPortrait UIInterfaceOrientationPortraitUpsideDown UIInterfaceOrientationLandscapeLeft UIInterfaceOrientationLandscapeRight";
				INFOPLIST_KEY_UISupportedInterfaceOrientations_iPhone = "UIInterfaceOrientationPortrait UIInterfaceOrientationLandscapeLeft UIInterfaceOrientationLandscapeRight";
				LD_RUNPATH_SEARCH_PATHS = (
					"$(inherited)",
					"@executable_path/Frameworks",
				);
				MARKETING_VERSION = 1.0;
				PRODUCT_BUNDLE_IDENTIFIER = com.test.AppTest;
				PRODUCT_NAME = "$(TARGET_NAME)";
				SWIFT_EMIT_LOC_STRINGS = YES;
				SWIFT_VERSION = 5.0;
				TARGETED_DEVICE_FAMILY = "1,2";
			};
			name = Debug;
		};
		6D0F066427A5ECC600635467 /* Release */ = {
			isa = XCBuildConfiguration;
			baseConfigurationReference = 3413C8A5FC15015B97D1AFF7 /* Pods-AppTest.release.xcconfig */;
			buildSettings = {
				ASSETCATALOG_COMPILER_APPICON_NAME = AppIcon;
				ASSETCATALOG_COMPILER_GLOBAL_ACCENT_COLOR_NAME = AccentColor;
				CODE_SIGN_STYLE = Automatic;
				CURRENT_PROJECT_VERSION = 1;
				GENERATE_INFOPLIST_FILE = YES;
				INFOPLIST_FILE = AppTest/Info.plist;
				INFOPLIST_KEY_UIApplicationSupportsIndirectInputEvents = YES;
				INFOPLIST_KEY_UILaunchStoryboardName = LaunchScreen;
				INFOPLIST_KEY_UISupportedInterfaceOrientations_iPad = "UIInterfaceOrientationPortrait UIInterfaceOrientationPortraitUpsideDown UIInterfaceOrientationLandscapeLeft UIInterfaceOrientationLandscapeRight";
				INFOPLIST_KEY_UISupportedInterfaceOrientations_iPhone = "UIInterfaceOrientationPortrait UIInterfaceOrientationLandscapeLeft UIInterfaceOrientationLandscapeRight";
				LD_RUNPATH_SEARCH_PATHS = (
					"$(inherited)",
					"@executable_path/Frameworks",
				);
				MARKETING_VERSION = 1.0;
				PRODUCT_BUNDLE_IDENTIFIER = com.test.AppTest;
				PRODUCT_NAME = "$(TARGET_NAME)";
				SWIFT_EMIT_LOC_STRINGS = YES;
				SWIFT_VERSION = 5.0;
				TARGETED_DEVICE_FAMILY = "1,2";
			};
			name = Release;
		};
		6D0F066627A5ECC600635467 /* Debug */ = {
			isa = XCBuildConfiguration;
			baseConfigurationReference = E6EC68C6D2CAD44A9C6E6421 /* Pods-AppTestTests.debug.xcconfig */;
			buildSettings = {
				ALWAYS_EMBED_SWIFT_STANDARD_LIBRARIES = YES;
				BUNDLE_LOADER = "$(TEST_HOST)";
				CODE_SIGN_STYLE = Automatic;
				CURRENT_PROJECT_VERSION = 1;
				GENERATE_INFOPLIST_FILE = YES;
				IPHONEOS_DEPLOYMENT_TARGET = 15.0;
				LD_RUNPATH_SEARCH_PATHS = (
					"$(inherited)",
					"@executable_path/Frameworks",
					"@loader_path/Frameworks",
				);
				MARKETING_VERSION = 1.0;
				PRODUCT_BUNDLE_IDENTIFIER = com.test.AppTestTests;
				PRODUCT_NAME = "$(TARGET_NAME)";
				SWIFT_EMIT_LOC_STRINGS = NO;
				SWIFT_VERSION = 5.0;
				TARGETED_DEVICE_FAMILY = "1,2";
				TEST_HOST = "$(BUILT_PRODUCTS_DIR)/AppTest.app/AppTest";
			};
			name = Debug;
		};
		6D0F066727A5ECC600635467 /* Release */ = {
			isa = XCBuildConfiguration;
			baseConfigurationReference = 316799508692CB6E7DCD0432 /* Pods-AppTestTests.release.xcconfig */;
			buildSettings = {
				ALWAYS_EMBED_SWIFT_STANDARD_LIBRARIES = YES;
				BUNDLE_LOADER = "$(TEST_HOST)";
				CODE_SIGN_STYLE = Automatic;
				CURRENT_PROJECT_VERSION = 1;
				GENERATE_INFOPLIST_FILE = YES;
				IPHONEOS_DEPLOYMENT_TARGET = 15.0;
				LD_RUNPATH_SEARCH_PATHS = (
					"$(inherited)",
					"@executable_path/Frameworks",
					"@loader_path/Frameworks",
				);
				MARKETING_VERSION = 1.0;
				PRODUCT_BUNDLE_IDENTIFIER = com.test.AppTestTests;
				PRODUCT_NAME = "$(TARGET_NAME)";
				SWIFT_EMIT_LOC_STRINGS = NO;
				SWIFT_VERSION = 5.0;
				TARGETED_DEVICE_FAMILY = "1,2";
				TEST_HOST = "$(BUILT_PRODUCTS_DIR)/AppTest.app/AppTest";
			};
			name = Release;
		};
		6D0F066927A5ECC600635467 /* Debug */ = {
			isa = XCBuildConfiguration;
			baseConfigurationReference = 8B9024691707066E6074D547 /* Pods-AppTest-AppTestUITests.debug.xcconfig */;
			buildSettings = {
				ALWAYS_EMBED_SWIFT_STANDARD_LIBRARIES = YES;
				CODE_SIGN_STYLE = Automatic;
				CURRENT_PROJECT_VERSION = 1;
				GENERATE_INFOPLIST_FILE = YES;
				LD_RUNPATH_SEARCH_PATHS = (
					"$(inherited)",
					"@executable_path/Frameworks",
					"@loader_path/Frameworks",
				);
				MARKETING_VERSION = 1.0;
				PRODUCT_BUNDLE_IDENTIFIER = com.test.AppTestUITests;
				PRODUCT_NAME = "$(TARGET_NAME)";
				SWIFT_EMIT_LOC_STRINGS = NO;
				SWIFT_VERSION = 5.0;
				TARGETED_DEVICE_FAMILY = "1,2";
				TEST_TARGET_NAME = AppTest;
			};
			name = Debug;
		};
		6D0F066A27A5ECC600635467 /* Release */ = {
			isa = XCBuildConfiguration;
			baseConfigurationReference = 401C9E5774F222299703CE92 /* Pods-AppTest-AppTestUITests.release.xcconfig */;
			buildSettings = {
				ALWAYS_EMBED_SWIFT_STANDARD_LIBRARIES = YES;
				CODE_SIGN_STYLE = Automatic;
				CURRENT_PROJECT_VERSION = 1;
				GENERATE_INFOPLIST_FILE = YES;
				LD_RUNPATH_SEARCH_PATHS = (
					"$(inherited)",
					"@executable_path/Frameworks",
					"@loader_path/Frameworks",
				);
				MARKETING_VERSION = 1.0;
				PRODUCT_BUNDLE_IDENTIFIER = com.test.AppTestUITests;
				PRODUCT_NAME = "$(TARGET_NAME)";
				SWIFT_EMIT_LOC_STRINGS = NO;
				SWIFT_VERSION = 5.0;
				TARGETED_DEVICE_FAMILY = "1,2";
				TEST_TARGET_NAME = AppTest;
			};
			name = Release;
		};
/* End XCBuildConfiguration section */

/* Begin XCConfigurationList section */
		6D0F063327A5ECC400635467 /* Build configuration list for PBXProject "AppTest" */ = {
			isa = XCConfigurationList;
			buildConfigurations = (
				6D0F066027A5ECC600635467 /* Debug */,
				6D0F066127A5ECC600635467 /* Release */,
			);
			defaultConfigurationIsVisible = 0;
			defaultConfigurationName = Release;
		};
		6D0F066227A5ECC600635467 /* Build configuration list for PBXNativeTarget "AppTest" */ = {
			isa = XCConfigurationList;
			buildConfigurations = (
				6D0F066327A5ECC600635467 /* Debug */,
				6D0F066427A5ECC600635467 /* Release */,
			);
			defaultConfigurationIsVisible = 0;
			defaultConfigurationName = Release;
		};
		6D0F066527A5ECC600635467 /* Build configuration list for PBXNativeTarget "AppTestTests" */ = {
			isa = XCConfigurationList;
			buildConfigurations = (
				6D0F066627A5ECC600635467 /* Debug */,
				6D0F066727A5ECC600635467 /* Release */,
			);
			defaultConfigurationIsVisible = 0;
			defaultConfigurationName = Release;
		};
		6D0F066827A5ECC600635467 /* Build configuration list for PBXNativeTarget "AppTestUITests" */ = {
			isa = XCConfigurationList;
			buildConfigurations = (
				6D0F066927A5ECC600635467 /* Debug */,
				6D0F066A27A5ECC600635467 /* Release */,
			);
			defaultConfigurationIsVisible = 0;
			defaultConfigurationName = Release;
		};
/* End XCConfigurationList section */
	};
	rootObject = 6D0F063027A5ECC400635467 /* Project object */;
}
